
Microsoft Visual Studio Solution File, Format Version 12.00
# Visual Studio Version 16
VisualStudioVersion = 16.0.30907.101
MinimumVisualStudioVersion = 10.0.40219.1
Project("{8BC9CEB8-8B4A-11D0-8D11-00A0C91BC942}") = "Main", "Projects\Main\Main.vcxproj", "{D97B0F61-4171-4C77-ADDC-5863C937A5BA}"
EndProject
Project("{8BC9CEB8-8B4A-11D0-8D11-00A0C91BC942}") = "Platform", "Projects\Platform\Platform.vcxproj", "{C4CEDDA3-8EE7-4205-89A9-4DAA52017388}"
EndProject
Project("{2150E333-8FDC-42A3-9474-1A3956D46DE8}") = "ThirdParty", "ThirdParty", "{CECD33B8-D558-41AD-92FB-11A1061691F7}"
EndProject
Project("{8BC9CEB8-8B4A-11D0-8D11-00A0C91BC942}") = "DirectX11", "Projects\DirectX11\DirectX11.vcxproj", "{55575C28-0EFC-4A61-8AB7-1014C7FCBE90}"
EndProject
Project("{8BC9CEB8-8B4A-11D0-8D11-00A0C91BC942}") = "Windows", "Projects\Windows\Windows.vcxproj", "{AC3604DB-1F16-4A0B-843F-45F7679DC60C}"
EndProject
Project("{8BC9CEB8-8B4A-11D0-8D11-00A0C91BC942}") = "Core", "Projects\Core\Core.vcxproj", "{52626AFF-6294-4A47-BC1A-8BBE9AEF754C}"
EndProject
Project("{8BC9CEB8-8B4A-11D0-8D11-00A0C91BC942}") = "Engine", "Projects\Engine\Engine.vcxproj", "{9FF62852-B3B1-435B-8824-4DAB5A67A9CB}"
EndProject
Project("{8BC9CEB8-8B4A-11D0-8D11-00A0C91BC942}") = "DirectX12", "Projects\DirectX12\DirectX12.vcxproj", "{F78564B2-BB23-44E0-BCF3-CA809262EA49}"
EndProject
Project("{8BC9CEB8-8B4A-11D0-8D11-00A0C91BC942}") = "Winsock", "Projects\Winsock\Winsock.vcxproj", "{AE1BEA7C-CA37-4BF0-8E5D-99FEBB064811}"
EndProject
Global
	GlobalSection(SolutionConfigurationPlatforms) = preSolution
		Debug|x64 = Debug|x64
		Debug|x86 = Debug|x86
		Release|x64 = Release|x64
		Release|x86 = Release|x86
	EndGlobalSection
	GlobalSection(ProjectConfigurationPlatforms) = postSolution
		{D97B0F61-4171-4C77-ADDC-5863C937A5BA}.Debug|x64.ActiveCfg = Debug|x64
		{D97B0F61-4171-4C77-ADDC-5863C937A5BA}.Debug|x64.Build.0 = Debug|x64
		{D97B0F61-4171-4C77-ADDC-5863C937A5BA}.Debug|x86.ActiveCfg = Debug|Win32
		{D97B0F61-4171-4C77-ADDC-5863C937A5BA}.Debug|x86.Build.0 = Debug|Win32
		{D97B0F61-4171-4C77-ADDC-5863C937A5BA}.Release|x64.ActiveCfg = Release|x64
		{D97B0F61-4171-4C77-ADDC-5863C937A5BA}.Release|x64.Build.0 = Release|x64
		{D97B0F61-4171-4C77-ADDC-5863C937A5BA}.Release|x86.ActiveCfg = Release|Win32
		{D97B0F61-4171-4C77-ADDC-5863C937A5BA}.Release|x86.Build.0 = Release|Win32
		{C4CEDDA3-8EE7-4205-89A9-4DAA52017388}.Debug|x64.ActiveCfg = Debug|x64
		{C4CEDDA3-8EE7-4205-89A9-4DAA52017388}.Debug|x64.Build.0 = Debug|x64
		{C4CEDDA3-8EE7-4205-89A9-4DAA52017388}.Debug|x86.ActiveCfg = Debug|Win32
		{C4CEDDA3-8EE7-4205-89A9-4DAA52017388}.Debug|x86.Build.0 = Debug|Win32
		{C4CEDDA3-8EE7-4205-89A9-4DAA52017388}.Release|x64.ActiveCfg = Release|x64
		{C4CEDDA3-8EE7-4205-89A9-4DAA52017388}.Release|x64.Build.0 = Release|x64
		{C4CEDDA3-8EE7-4205-89A9-4DAA52017388}.Release|x86.ActiveCfg = Release|Win32
		{C4CEDDA3-8EE7-4205-89A9-4DAA52017388}.Release|x86.Build.0 = Release|Win32
		{55575C28-0EFC-4A61-8AB7-1014C7FCBE90}.Debug|x64.ActiveCfg = Debug|x64
		{55575C28-0EFC-4A61-8AB7-1014C7FCBE90}.Debug|x64.Build.0 = Debug|x64
		{55575C28-0EFC-4A61-8AB7-1014C7FCBE90}.Debug|x86.ActiveCfg = Debug|Win32
		{55575C28-0EFC-4A61-8AB7-1014C7FCBE90}.Debug|x86.Build.0 = Debug|Win32
		{55575C28-0EFC-4A61-8AB7-1014C7FCBE90}.Release|x64.ActiveCfg = Release|x64
		{55575C28-0EFC-4A61-8AB7-1014C7FCBE90}.Release|x64.Build.0 = Release|x64
		{55575C28-0EFC-4A61-8AB7-1014C7FCBE90}.Release|x86.ActiveCfg = Release|Win32
		{55575C28-0EFC-4A61-8AB7-1014C7FCBE90}.Release|x86.Build.0 = Release|Win32
		{AC3604DB-1F16-4A0B-843F-45F7679DC60C}.Debug|x64.ActiveCfg = Debug|x64
		{AC3604DB-1F16-4A0B-843F-45F7679DC60C}.Debug|x64.Build.0 = Debug|x64
		{AC3604DB-1F16-4A0B-843F-45F7679DC60C}.Debug|x86.ActiveCfg = Debug|Win32
		{AC3604DB-1F16-4A0B-843F-45F7679DC60C}.Debug|x86.Build.0 = Debug|Win32
		{AC3604DB-1F16-4A0B-843F-45F7679DC60C}.Release|x64.ActiveCfg = Release|x64
		{AC3604DB-1F16-4A0B-843F-45F7679DC60C}.Release|x64.Build.0 = Release|x64
		{AC3604DB-1F16-4A0B-843F-45F7679DC60C}.Release|x86.ActiveCfg = Release|Win32
		{AC3604DB-1F16-4A0B-843F-45F7679DC60C}.Release|x86.Build.0 = Release|Win32
		{52626AFF-6294-4A47-BC1A-8BBE9AEF754C}.Debug|x64.ActiveCfg = Debug|x64
		{52626AFF-6294-4A47-BC1A-8BBE9AEF754C}.Debug|x64.Build.0 = Debug|x64
		{52626AFF-6294-4A47-BC1A-8BBE9AEF754C}.Debug|x86.ActiveCfg = Debug|Win32
		{52626AFF-6294-4A47-BC1A-8BBE9AEF754C}.Debug|x86.Build.0 = Debug|Win32
		{52626AFF-6294-4A47-BC1A-8BBE9AEF754C}.Release|x64.ActiveCfg = Release|x64
		{52626AFF-6294-4A47-BC1A-8BBE9AEF754C}.Release|x64.Build.0 = Release|x64
		{52626AFF-6294-4A47-BC1A-8BBE9AEF754C}.Release|x86.ActiveCfg = Release|Win32
		{52626AFF-6294-4A47-BC1A-8BBE9AEF754C}.Release|x86.Build.0 = Release|Win32
		{9FF62852-B3B1-435B-8824-4DAB5A67A9CB}.Debug|x64.ActiveCfg = Debug|x64
		{9FF62852-B3B1-435B-8824-4DAB5A67A9CB}.Debug|x64.Build.0 = Debug|x64
		{9FF62852-B3B1-435B-8824-4DAB5A67A9CB}.Debug|x86.ActiveCfg = Debug|Win32
		{9FF62852-B3B1-435B-8824-4DAB5A67A9CB}.Debug|x86.Build.0 = Debug|Win32
		{9FF62852-B3B1-435B-8824-4DAB5A67A9CB}.Release|x64.ActiveCfg = Release|x64
		{9FF62852-B3B1-435B-8824-4DAB5A67A9CB}.Release|x64.Build.0 = Release|x64
		{9FF62852-B3B1-435B-8824-4DAB5A67A9CB}.Release|x86.ActiveCfg = Release|Win32
		{9FF62852-B3B1-435B-8824-4DAB5A67A9CB}.Release|x86.Build.0 = Release|Win32
		{F78564B2-BB23-44E0-BCF3-CA809262EA49}.Debug|x64.ActiveCfg = Debug|x64
		{F78564B2-BB23-44E0-BCF3-CA809262EA49}.Debug|x64.Build.0 = Debug|x64
		{F78564B2-BB23-44E0-BCF3-CA809262EA49}.Debug|x86.ActiveCfg = Debug|Win32
		{F78564B2-BB23-44E0-BCF3-CA809262EA49}.Debug|x86.Build.0 = Debug|Win32
		{F78564B2-BB23-44E0-BCF3-CA809262EA49}.Release|x64.ActiveCfg = Release|x64
		{F78564B2-BB23-44E0-BCF3-CA809262EA49}.Release|x64.Build.0 = Release|x64
		{F78564B2-BB23-44E0-BCF3-CA809262EA49}.Release|x86.ActiveCfg = Release|Win32
		{F78564B2-BB23-44E0-BCF3-CA809262EA49}.Release|x86.Build.0 = Release|Win32
		{AE1BEA7C-CA37-4BF0-8E5D-99FEBB064811}.Debug|x64.ActiveCfg = Debug|x64
		{AE1BEA7C-CA37-4BF0-8E5D-99FEBB064811}.Debug|x64.Build.0 = Debug|x64
		{AE1BEA7C-CA37-4BF0-8E5D-99FEBB064811}.Debug|x86.ActiveCfg = Debug|Win32
		{AE1BEA7C-CA37-4BF0-8E5D-99FEBB064811}.Debug|x86.Build.0 = Debug|Win32
		{AE1BEA7C-CA37-4BF0-8E5D-99FEBB064811}.Release|x64.ActiveCfg = Release|x64
		{AE1BEA7C-CA37-4BF0-8E5D-99FEBB064811}.Release|x64.Build.0 = Release|x64
		{AE1BEA7C-CA37-4BF0-8E5D-99FEBB064811}.Release|x86.ActiveCfg = Release|Win32
		{AE1BEA7C-CA37-4BF0-8E5D-99FEBB064811}.Release|x86.Build.0 = Release|Win32
	EndGlobalSection
	GlobalSection(SolutionProperties) = preSolution
		HideSolutionNode = FALSE
	EndGlobalSection
	GlobalSection(NestedProjects) = preSolution
		{55575C28-0EFC-4A61-8AB7-1014C7FCBE90} = {CECD33B8-D558-41AD-92FB-11A1061691F7}
		{AC3604DB-1F16-4A0B-843F-45F7679DC60C} = {CECD33B8-D558-41AD-92FB-11A1061691F7}
		{F78564B2-BB23-44E0-BCF3-CA809262EA49} = {CECD33B8-D558-41AD-92FB-11A1061691F7}
		{AE1BEA7C-CA37-4BF0-8E5D-99FEBB064811} = {CECD33B8-D558-41AD-92FB-11A1061691F7}
	EndGlobalSection
	GlobalSection(ExtensibilityGlobals) = postSolution
		SolutionGuid = {D916DF52-08BD-4F16-9D9A-D87BA4AC59F7}
	EndGlobalSection
EndGlobal
