<?xml version="1.0" encoding="utf-8"?>
<Project ToolsVersion="4.0" xmlns="http://schemas.microsoft.com/developer/msbuild/2003">
  <ItemGroup>
    <Filter Include="ソース ファイル">
      <UniqueIdentifier>{4FC737F1-C7A5-4376-A066-2A32D752A2FF}</UniqueIdentifier>
      <Extensions>cpp;c;cc;cxx;def;odl;idl;hpj;bat;asm;asmx</Extensions>
    </Filter>
    <Filter Include="ヘッダー ファイル">
      <UniqueIdentifier>{93995380-89BD-4b04-88EB-625FBE52EBFB}</UniqueIdentifier>
      <Extensions>h;hh;hpp;hxx;hm;inl;inc;ipp;xsd</Extensions>
    </Filter>
    <Filter Include="リソース ファイル">
      <UniqueIdentifier>{67DA6AB6-F800-4c08-8B7A-83BB121AAD01}</UniqueIdentifier>
      <Extensions>rc;ico;cur;bmp;dlg;rc2;rct;bin;rgs;gif;jpg;jpeg;jpe;resx;tiff;tif;png;wav;mfcribbon-ms</Extensions>
    </Filter>
    <Filter Include="ソース ファイル\Platform">
      <UniqueIdentifier>{b53435a5-4a5b-4c97-afd4-b7ec8cda067d}</UniqueIdentifier>
    </Filter>
    <Filter Include="ヘッダー ファイル\Platform">
      <UniqueIdentifier>{e27225a0-8265-44a1-a2ea-3a88ed40c11f}</UniqueIdentifier>
    </Filter>
    <Filter Include="ヘッダー ファイル\Resource">
      <UniqueIdentifier>{0d1255ce-0388-41bd-8d73-e303f6ca09fb}</UniqueIdentifier>
    </Filter>
    <Filter Include="ソース ファイル\Resource">
      <UniqueIdentifier>{85079623-22fd-48b4-870f-08c67cde36c7}</UniqueIdentifier>
    </Filter>
    <Filter Include="ヘッダー ファイル\Resource\Buffer">
      <UniqueIdentifier>{3fca72eb-08ab-4354-8801-8e80a87f5eb2}</UniqueIdentifier>
    </Filter>
    <Filter Include="ソース ファイル\Resource\Buffer">
      <UniqueIdentifier>{1f5223a1-925d-4af0-8954-c116870e8397}</UniqueIdentifier>
    </Filter>
  </ItemGroup>
  <ItemGroup>
    <ClInclude Include="stdafx.h">
      <Filter>ヘッダー ファイル</Filter>
    </ClInclude>
    <ClInclude Include="..\..\include\Thirdparty\Graphics\DirectX11\Renderer.h">
      <Filter>ヘッダー ファイル\Platform</Filter>
    </ClInclude>
    <ClInclude Include="..\..\include\Thirdparty\Graphics\DirectX11\Graphics.h">
      <Filter>ヘッダー ファイル\Platform</Filter>
    </ClInclude>
    <ClInclude Include="..\..\include\Thirdparty\Graphics\DirectX11\DirectX11.h">
      <Filter>ヘッダー ファイル</Filter>
    </ClInclude>
    <ClInclude Include="..\..\include\Thirdparty\Graphics\DirectX11\Shader.h">
      <Filter>ヘッダー ファイル\Resource</Filter>
    </ClInclude>
    <ClInclude Include="..\..\include\Thirdparty\Graphics\DirectX11\Texture.h">
      <Filter>ヘッダー ファイル\Resource</Filter>
    </ClInclude>
    <ClInclude Include="..\..\include\Thirdparty\Graphics\DirectX11\IndexBuffer.h">
      <Filter>ヘッダー ファイル\Resource\Buffer</Filter>
    </ClInclude>
    <ClInclude Include="..\..\include\Thirdparty\Graphics\DirectX11\VertexBuffer.h">
      <Filter>ヘッダー ファイル\Resource\Buffer</Filter>
    </ClInclude>
    <ClInclude Include="..\..\include\Thirdparty\Graphics\DirectX11\ConstantBuffer.h">
      <Filter>ヘッダー ファイル\Resource\Buffer</Filter>
    </ClInclude>
  </ItemGroup>
  <ItemGroup>
    <ClCompile Include="dllmain.cpp">
      <Filter>ソース ファイル</Filter>
    </ClCompile>
    <ClCompile Include="..\..\src\Thirdparty\Graphics\DirectX11\Graphics.cpp">
      <Filter>ソース ファイル\Platform</Filter>
    </ClCompile>
    <ClCompile Include="..\..\src\Thirdparty\Graphics\DirectX11\Renderer.cpp">
      <Filter>ソース ファイル\Platform</Filter>
    </ClCompile>
    <ClCompile Include="..\..\src\Thirdparty\Graphics\DirectX11\Texture.cpp">
      <Filter>ソース ファイル\Resource</Filter>
    </ClCompile>
    <ClCompile Include="..\..\src\Thirdparty\Graphics\DirectX11\IndexBuffer.cpp">
      <Filter>ソース ファイル\Resource\Buffer</Filter>
    </ClCompile>
    <ClCompile Include="..\..\src\Thirdparty\Graphics\DirectX11\VertexBuffer.cpp">
      <Filter>ソース ファイル\Resource\Buffer</Filter>
    </ClCompile>
    <ClCompile Include="..\..\src\Thirdparty\Graphics\DirectX11\ConstantBuffer.cpp">
      <Filter>ソース ファイル\Resource\Buffer</Filter>
    </ClCompile>
    <ClCompile Include="..\..\src\Thirdparty\Graphics\DirectX11\Shader.cpp">
      <Filter>ソース ファイル\Resource</Filter>
    </ClCompile>
    <ClCompile Include="stdafx.cpp">
      <Filter>ソース ファイル</Filter>
    </ClCompile>
  </ItemGroup>
</Project>