<?xml version="1.0" encoding="utf-8"?>
<Project ToolsVersion="4.0" xmlns="http://schemas.microsoft.com/developer/msbuild/2003">
  <ItemGroup>
    <Filter Include="ソース ファイル">
      <UniqueIdentifier>{4FC737F1-C7A5-4376-A066-2A32D752A2FF}</UniqueIdentifier>
      <Extensions>cpp;c;cc;cxx;def;odl;idl;hpj;bat;asm;asmx</Extensions>
    </Filter>
    <Filter Include="ヘッダー ファイル">
      <UniqueIdentifier>{93995380-89BD-4b04-88EB-625FBE52EBFB}</UniqueIdentifier>
      <Extensions>h;hh;hpp;hxx;hm;inl;inc;ipp;xsd</Extensions>
    </Filter>
    <Filter Include="リソース ファイル">
      <UniqueIdentifier>{67DA6AB6-F800-4c08-8B7A-83BB121AAD01}</UniqueIdentifier>
      <Extensions>rc;ico;cur;bmp;dlg;rc2;rct;bin;rgs;gif;jpg;jpeg;jpe;resx;tiff;tif;png;wav;mfcribbon-ms</Extensions>
    </Filter>
    <Filter Include="ヘッダー ファイル\Allocator">
      <UniqueIdentifier>{a7ec206b-9b96-4e17-a762-0122aef689d1}</UniqueIdentifier>
    </Filter>
    <Filter Include="ヘッダー ファイル\Json">
      <UniqueIdentifier>{5c3fb115-37c7-4c98-9794-f3f486b84f12}</UniqueIdentifier>
    </Filter>
    <Filter Include="ヘッダー ファイル\Module">
      <UniqueIdentifier>{442e4776-99bf-46fb-be4c-9d293a28c6c8}</UniqueIdentifier>
    </Filter>
    <Filter Include="ソース ファイル\Allocator">
      <UniqueIdentifier>{9fd8810c-5a50-4889-9780-a63936ef68d5}</UniqueIdentifier>
    </Filter>
    <Filter Include="ヘッダー ファイル\Math">
      <UniqueIdentifier>{f76d70ff-421d-4f57-b110-e14325cfdad2}</UniqueIdentifier>
    </Filter>
    <Filter Include="ヘッダー ファイル\Thread">
      <UniqueIdentifier>{3a58be0c-8cd3-4d8c-9dcf-ccc02bd9cb10}</UniqueIdentifier>
    </Filter>
    <Filter Include="ヘッダー ファイル\Time">
      <UniqueIdentifier>{279a100e-8335-40b5-9b2b-91e06d45fde0}</UniqueIdentifier>
    </Filter>
    <Filter Include="ヘッダー ファイル\Task">
      <UniqueIdentifier>{e0ab0695-3a0b-4291-9f8a-d41b429310a0}</UniqueIdentifier>
    </Filter>
    <Filter Include="ソース ファイル\System">
      <UniqueIdentifier>{9a2abb63-9395-4112-bc85-0f3808272b6e}</UniqueIdentifier>
    </Filter>
    <Filter Include="ヘッダー ファイル\System">
      <UniqueIdentifier>{5d16dee3-afa7-410b-8659-de5a5a3ff450}</UniqueIdentifier>
    </Filter>
    <Filter Include="ソース ファイル\Graphics">
      <UniqueIdentifier>{7f17e327-53f2-4a80-b31f-206fd1090f6d}</UniqueIdentifier>
    </Filter>
    <Filter Include="ヘッダー ファイル\Graphics">
      <UniqueIdentifier>{93cd0a79-4ce2-41fa-bb55-452255be1632}</UniqueIdentifier>
    </Filter>
    <Filter Include="ソース ファイル\Module">
      <UniqueIdentifier>{79c28b2d-4c2f-47f4-beca-31bae8ee4f20}</UniqueIdentifier>
    </Filter>
    <Filter Include="ソース ファイル\Thread">
      <UniqueIdentifier>{f05ec238-c380-42d8-87cb-c24830196c81}</UniqueIdentifier>
    </Filter>
  </ItemGroup>
  <ItemGroup>
    <ClInclude Include="..\..\include\Core\Allocator\DoubleBufferAllocator.h">
      <Filter>ヘッダー ファイル\Allocator</Filter>
    </ClInclude>
    <ClInclude Include="..\..\include\Core\Allocator\IAllocator.h">
      <Filter>ヘッダー ファイル\Allocator</Filter>
    </ClInclude>
    <ClInclude Include="..\..\include\Core\Allocator\LinerAllocator.h">
      <Filter>ヘッダー ファイル\Allocator</Filter>
    </ClInclude>
    <ClInclude Include="..\..\include\Core\Allocator\PoolAllocator.h">
      <Filter>ヘッダー ファイル\Allocator</Filter>
    </ClInclude>
    <ClInclude Include="..\..\include\Core\Allocator\StackAllocator.h">
      <Filter>ヘッダー ファイル\Allocator</Filter>
    </ClInclude>
    <ClInclude Include="..\..\include\Core\Json\Json.h">
      <Filter>ヘッダー ファイル\Json</Filter>
    </ClInclude>
    <ClInclude Include="..\..\include\Core\Math\Math.h">
      <Filter>ヘッダー ファイル\Math</Filter>
    </ClInclude>
    <ClInclude Include="..\..\include\Core\Math\Matrix.h">
      <Filter>ヘッダー ファイル\Math</Filter>
    </ClInclude>
    <ClInclude Include="..\..\include\Core\Math\Quaternion.h">
      <Filter>ヘッダー ファイル\Math</Filter>
    </ClInclude>
    <ClInclude Include="..\..\include\Core\Math\Vector2.h">
      <Filter>ヘッダー ファイル\Math</Filter>
    </ClInclude>
    <ClInclude Include="..\..\include\Core\Math\Vector4.h">
      <Filter>ヘッダー ファイル\Math</Filter>
    </ClInclude>
    <ClInclude Include="..\..\include\Core\Math\Vector3.h">
      <Filter>ヘッダー ファイル\Math</Filter>
    </ClInclude>
    <ClInclude Include="..\..\include\Core\Thread\Thread.h">
      <Filter>ヘッダー ファイル\Thread</Filter>
    </ClInclude>
    <ClInclude Include="..\..\include\Core\Time\Time.h">
      <Filter>ヘッダー ファイル\Time</Filter>
    </ClInclude>
    <ClInclude Include="..\..\include\Core\System\System.h">
      <Filter>ヘッダー ファイル\System</Filter>
    </ClInclude>
    <ClInclude Include="..\..\include\Core\Graphics\Renderer.h">
      <Filter>ヘッダー ファイル\Graphics</Filter>
    </ClInclude>
    <ClInclude Include="..\..\include\Core.h">
      <Filter>ヘッダー ファイル</Filter>
    </ClInclude>
    <ClInclude Include="..\..\include\Core\Network\NetworkModule.h">
      <Filter>ヘッダー ファイル\Module</Filter>
    </ClInclude>
    <ClInclude Include="..\..\include\Core\Graphics\GraphicsModule.h">
      <Filter>ヘッダー ファイル\Module</Filter>
    </ClInclude>
    <ClInclude Include="..\..\include\Core\Task\Task.h">
      <Filter>ヘッダー ファイル\Task</Filter>
    </ClInclude>
    <ClInclude Include="Config.h">
      <Filter>ヘッダー ファイル</Filter>
    </ClInclude>
  </ItemGroup>
  <ItemGroup>
    <ClCompile Include="..\..\src\Core\Allocator\DoubleBufferAllocator.cpp">
      <Filter>ソース ファイル\Allocator</Filter>
    </ClCompile>
    <ClCompile Include="..\..\src\Core\Allocator\LinerAllocator.cpp">
      <Filter>ソース ファイル\Allocator</Filter>
    </ClCompile>
    <ClCompile Include="..\..\src\Core\Allocator\PoolAllocator.cpp">
      <Filter>ソース ファイル\Allocator</Filter>
    </ClCompile>
    <ClCompile Include="..\..\src\Core\Allocator\StackAllocator.cpp">
      <Filter>ソース ファイル\Allocator</Filter>
    </ClCompile>
    <ClCompile Include="..\..\src\Core\System\System.cpp">
      <Filter>ソース ファイル\System</Filter>
    </ClCompile>
    <ClCompile Include="..\..\src\Core\Graphics\Renderer.cpp">
      <Filter>ソース ファイル\Graphics</Filter>
    </ClCompile>
    <ClCompile Include="..\..\src\Core\Graphics\GraphicsModule.cpp">
      <Filter>ソース ファイル\Module</Filter>
    </ClCompile>
    <ClCompile Include="..\..\src\Core\Network\NetworkModule.cpp">
      <Filter>ソース ファイル\Module</Filter>
    </ClCompile>
    <ClCompile Include="..\..\src\Core\Thread\Thread.cpp">
      <Filter>ソース ファイル\Thread</Filter>
    </ClCompile>
    <ClCompile Include="..\..\src\Core\Task\Task.cpp">
      <Filter>ソース ファイル\Thread</Filter>
    </ClCompile>
  </ItemGroup>
</Project>