<?xml version="1.0" encoding="utf-8"?>
<Project ToolsVersion="4.0" xmlns="http://schemas.microsoft.com/developer/msbuild/2003">
  <ItemGroup>
    <Filter Include="ソース ファイル">
      <UniqueIdentifier>{4FC737F1-C7A5-4376-A066-2A32D752A2FF}</UniqueIdentifier>
      <Extensions>cpp;c;cc;cxx;def;odl;idl;hpj;bat;asm;asmx</Extensions>
    </Filter>
    <Filter Include="ヘッダー ファイル">
      <UniqueIdentifier>{93995380-89BD-4b04-88EB-625FBE52EBFB}</UniqueIdentifier>
      <Extensions>h;hh;hpp;hxx;hm;inl;inc;ipp;xsd</Extensions>
    </Filter>
    <Filter Include="リソース ファイル">
      <UniqueIdentifier>{67DA6AB6-F800-4c08-8B7A-83BB121AAD01}</UniqueIdentifier>
      <Extensions>rc;ico;cur;bmp;dlg;rc2;rct;bin;rgs;gif;jpg;jpeg;jpe;resx;tiff;tif;png;wav;mfcribbon-ms</Extensions>
    </Filter>
    <Filter Include="ヘッダー ファイル\Base">
      <UniqueIdentifier>{af1873eb-032e-4def-93d9-31f4a1c3d8b7}</UniqueIdentifier>
    </Filter>
    <Filter Include="ヘッダー ファイル\DesignPattern">
      <UniqueIdentifier>{2d576d4d-eaa8-4fce-beef-dcb407622a8b}</UniqueIdentifier>
    </Filter>
    <Filter Include="ヘッダー ファイル\Base\Interface">
      <UniqueIdentifier>{960dbf2f-dd39-437a-a581-b75aacc72623}</UniqueIdentifier>
    </Filter>
    <Filter Include="ソース ファイル\Base">
      <UniqueIdentifier>{da83a593-a0a7-463e-a95f-3840724ad9e8}</UniqueIdentifier>
    </Filter>
    <Filter Include="ヘッダー ファイル\IO">
      <UniqueIdentifier>{614f029c-8aac-41b4-bfa5-6bf83c857ba3}</UniqueIdentifier>
    </Filter>
    <Filter Include="ソース ファイル\IO">
      <UniqueIdentifier>{9771febf-faa7-4a8c-ba8a-ae96b69cd88e}</UniqueIdentifier>
    </Filter>
    <Filter Include="ヘッダー ファイル\Module">
      <UniqueIdentifier>{2eff81ed-1d3e-4cf6-abf4-2b76c53a2446}</UniqueIdentifier>
    </Filter>
    <Filter Include="ヘッダー ファイル\Base\Types">
      <UniqueIdentifier>{11300db8-dc50-445b-b473-d56cab2efc77}</UniqueIdentifier>
    </Filter>
  </ItemGroup>
  <ItemGroup>
    <ClInclude Include="..\..\include\Platform\DesignPattern\Singleton.h">
      <Filter>ヘッダー ファイル\DesignPattern</Filter>
    </ClInclude>
    <ClInclude Include="..\..\include\Platform\Config.h">
      <Filter>ヘッダー ファイル</Filter>
    </ClInclude>
    <ClInclude Include="..\..\include\Platform\DesignPattern\Factory.h">
      <Filter>ヘッダー ファイル\DesignPattern</Filter>
    </ClInclude>
    <ClInclude Include="..\..\include\Platform.h">
      <Filter>ヘッダー ファイル</Filter>
    </ClInclude>
    <ClInclude Include="..\..\include\Platform\Base\IWindow.h">
      <Filter>ヘッダー ファイル\Base\Interface</Filter>
    </ClInclude>
    <ClInclude Include="..\..\include\Platform\Base\IRenderer.h">
      <Filter>ヘッダー ファイル\Base\Interface</Filter>
    </ClInclude>
    <ClInclude Include="..\..\include\Platform\Base\ISystem.h">
      <Filter>ヘッダー ファイル\Base\Interface</Filter>
    </ClInclude>
    <ClInclude Include="..\..\include\Platform\Base\INetwork.h">
      <Filter>ヘッダー ファイル\Base\Interface</Filter>
    </ClInclude>
    <ClInclude Include="..\..\include\Platform\Base\Logger.h">
      <Filter>ヘッダー ファイル\Base</Filter>
    </ClInclude>
    <ClInclude Include="..\..\include\Platform\Base\Assert.h">
      <Filter>ヘッダー ファイル\Base</Filter>
    </ClInclude>
    <ClInclude Include="..\..\include\Platform\Base\BitFlags.h">
      <Filter>ヘッダー ファイル\Base</Filter>
    </ClInclude>
    <ClInclude Include="..\..\include\Platform\Base\Result.h">
      <Filter>ヘッダー ファイル\Base</Filter>
    </ClInclude>
    <ClInclude Include="..\..\include\Platform\IO\DllLoader.h">
      <Filter>ヘッダー ファイル\IO</Filter>
    </ClInclude>
    <ClInclude Include="..\..\include\Platform\IO\FileStream.h">
      <Filter>ヘッダー ファイル\IO</Filter>
    </ClInclude>
    <ClInclude Include="..\..\include\Platform\IO\Path.h">
      <Filter>ヘッダー ファイル\IO</Filter>
    </ClInclude>
    <ClInclude Include="..\..\include\Platform\IO\PathHelper.h">
      <Filter>ヘッダー ファイル\IO</Filter>
    </ClInclude>
    <ClInclude Include="..\..\include\Platform\IO\Stream.h">
      <Filter>ヘッダー ファイル\IO</Filter>
    </ClInclude>
    <ClInclude Include="..\..\include\Platform\Module\Module.h">
      <Filter>ヘッダー ファイル\Module</Filter>
    </ClInclude>
    <ClInclude Include="..\..\include\Platform\Base\String.h">
      <Filter>ヘッダー ファイル\Base\Types</Filter>
    </ClInclude>
    <ClInclude Include="..\..\include\Platform\Base\StringHelper.h">
      <Filter>ヘッダー ファイル\Base\Types</Filter>
    </ClInclude>
    <ClInclude Include="..\..\include\Platform\Base\IGraphics.h">
      <Filter>ヘッダー ファイル\Base\Interface</Filter>
    </ClInclude>
  </ItemGroup>
  <ItemGroup>
    <ClCompile Include="..\..\src\Platform\Base\Logger.cpp">
      <Filter>ソース ファイル\Base</Filter>
    </ClCompile>
    <ClCompile Include="..\..\src\Platform\Base\String.cpp">
      <Filter>ソース ファイル\Base</Filter>
    </ClCompile>
    <ClCompile Include="..\..\src\Platform\IO\DllLoader.cpp">
      <Filter>ソース ファイル\IO</Filter>
    </ClCompile>
    <ClCompile Include="..\..\src\Platform\IO\FileStream.cpp">
      <Filter>ソース ファイル\IO</Filter>
    </ClCompile>
    <ClCompile Include="..\..\src\Platform\IO\Path.cpp">
      <Filter>ソース ファイル\IO</Filter>
    </ClCompile>
    <ClCompile Include="..\..\src\Platform\IO\PathHelper.cpp">
      <Filter>ソース ファイル\IO</Filter>
    </ClCompile>
  </ItemGroup>
</Project>